// !$*UTF8*$!
{
	archiveVersion = 1;
	classes = {
	};
	objectVersion = 56;
	objects = {

/* Begin PBXBuildFile section */
		F7B1C4262BB8289700738CCC /* AppDelegate.swift in Sources */ = {isa = PBXBuildFile; fileRef = F7B1C4252BB8289700738CCC /* AppDelegate.swift */; };
		F7B1C4282BB8289700738CCC /* SceneDelegate.swift in Sources */ = {isa = PBXBuildFile; fileRef = F7B1C4272BB8289700738CCC /* SceneDelegate.swift */; };
		F7B1C42A2BB8289700738CCC /* ViewController.swift in Sources */ = {isa = PBXBuildFile; fileRef = F7B1C4292BB8289700738CCC /* ViewController.swift */; };
		F7B1C42D2BB8289700738CCC /* Main.storyboard in Resources */ = {isa = PBXBuildFile; fileRef = F7B1C42B2BB8289700738CCC /* Main.storyboard */; };
		F7B1C4302BB8289700738CCC /* Hydrationtracker.xcdatamodeld in Sources */ = {isa = PBXBuildFile; fileRef = F7B1C42E2BB8289700738CCC /* Hydrationtracker.xcdatamodeld */; };
		F7B1C4322BB8289900738CCC /* Assets.xcassets in Resources */ = {isa = PBXBuildFile; fileRef = F7B1C4312BB8289900738CCC /* Assets.xcassets */; };
		F7B1C4352BB8289900738CCC /* LaunchScreen.storyboard in Resources */ = {isa = PBXBuildFile; fileRef = F7B1C4332BB8289900738CCC /* LaunchScreen.storyboard */; };
		F7B1C43D2BB828FE00738CCC /* CalenderController.swift in Sources */ = {isa = PBXBuildFile; fileRef = F7B1C43C2BB828FE00738CCC /* CalenderController.swift */; };
		F7B1C43F2BB8290E00738CCC /* SettingController.swift in Sources */ = {isa = PBXBuildFile; fileRef = F7B1C43E2BB8290E00738CCC /* SettingController.swift */; };
/* End PBXBuildFile section */

/* Begin PBXFileReference section */
		F7B1C4222BB8289700738CCC /* Hydrationtracker.app */ = {isa = PBXFileReference; explicitFileType = wrapper.application; includeInIndex = 0; path = Hydrationtracker.app; sourceTree = BUILT_PRODUCTS_DIR; };
		F7B1C4252BB8289700738CCC /* AppDelegate.swift */ = {isa = PBXFileReference; lastKnownFileType = sourcecode.swift; path = AppDelegate.swift; sourceTree = "<group>"; };
		F7B1C4272BB8289700738CCC /* SceneDelegate.swift */ = {isa = PBXFileReference; lastKnownFileType = sourcecode.swift; path = SceneDelegate.swift; sourceTree = "<group>"; };
		F7B1C4292BB8289700738CCC /* ViewController.swift */ = {isa = PBXFileReference; lastKnownFileType = sourcecode.swift; path = ViewController.swift; sourceTree = "<group>"; };
		F7B1C42C2BB8289700738CCC /* Base */ = {isa = PBXFileReference; lastKnownFileType = file.storyboard; name = Base; path = Base.lproj/Main.storyboard; sourceTree = "<group>"; };
		F7B1C42F2BB8289700738CCC /* Hydrationtracker.xcdatamodel */ = {isa = PBXFileReference; lastKnownFileType = wrapper.xcdatamodel; path = Hydrationtracker.xcdatamodel; sourceTree = "<group>"; };
		F7B1C4312BB8289900738CCC /* Assets.xcassets */ = {isa = PBXFileReference; lastKnownFileType = folder.assetcatalog; path = Assets.xcassets; sourceTree = "<group>"; };
		F7B1C4342BB8289900738CCC /* Base */ = {isa = PBXFileReference; lastKnownFileType = file.storyboard; name = Base; path = Base.lproj/LaunchScreen.storyboard; sourceTree = "<group>"; };
		F7B1C4362BB8289900738CCC /* Info.plist */ = {isa = PBXFileReference; lastKnownFileType = text.plist.xml; path = Info.plist; sourceTree = "<group>"; };
		F7B1C43C2BB828FE00738CCC /* CalenderController.swift */ = {isa = PBXFileReference; lastKnownFileType = sourcecode.swift; path = CalenderController.swift; sourceTree = "<group>"; };
		F7B1C43E2BB8290E00738CCC /* SettingController.swift */ = {isa = PBXFileReference; lastKnownFileType = sourcecode.swift; path = SettingController.swift; sourceTree = "<group>"; };
/* End PBXFileReference section */

/* Begin PBXFrameworksBuildPhase section */
		F7B1C41F2BB8289700738CCC /* Frameworks */ = {
			isa = PBXFrameworksBuildPhase;
			buildActionMask = 2147483647;
			files = (
			);
			runOnlyForDeploymentPostprocessing = 0;
		};
/* End PBXFrameworksBuildPhase section */

/* Begin PBXGroup section */
		F7B1C4192BB8289700738CCC = {
			isa = PBXGroup;
			children = (
				F7B1C4242BB8289700738CCC /* Hydrationtracker */,
				F7B1C4232BB8289700738CCC /* Products */,
			);
			sourceTree = "<group>";
		};
		F7B1C4232BB8289700738CCC /* Products */ = {
			isa = PBXGroup;
			children = (
				F7B1C4222BB8289700738CCC /* Hydrationtracker.app */,
			);
			name = Products;
			sourceTree = "<group>";
		};
		F7B1C4242BB8289700738CCC /* Hydrationtracker */ = {
			isa = PBXGroup;
			children = (
				F7B1C4252BB8289700738CCC /* AppDelegate.swift */,
				F7B1C4272BB8289700738CCC /* SceneDelegate.swift */,
				F7B1C4292BB8289700738CCC /* ViewController.swift */,
				F7B1C43C2BB828FE00738CCC /* CalenderController.swift */,
				F7B1C43E2BB8290E00738CCC /* SettingController.swift */,
				F7B1C42B2BB8289700738CCC /* Main.storyboard */,
				F7B1C4312BB8289900738CCC /* Assets.xcassets */,
				F7B1C4332BB8289900738CCC /* LaunchScreen.storyboard */,
				F7B1C4362BB8289900738CCC /* Info.plist */,
				F7B1C42E2BB8289700738CCC /* Hydrationtracker.xcdatamodeld */,
			);
			path = Hydrationtracker;
			sourceTree = "<group>";
		};
/* End PBXGroup section */

/* Begin PBXNativeTarget section */
		F7B1C4212BB8289700738CCC /* Hydrationtracker */ = {
			isa = PBXNativeTarget;
			buildConfigurationList = F7B1C4392BB8289900738CCC /* Build configuration list for PBXNativeTarget "Hydrationtracker" */;
			buildPhases = (
				F7B1C41E2BB8289700738CCC /* Sources */,
				F7B1C41F2BB8289700738CCC /* Frameworks */,
				F7B1C4202BB8289700738CCC /* Resources */,
			);
			buildRules = (
			);
			dependencies = (
			);
			name = Hydrationtracker;
			productName = Hydrationtracker;
			productReference = F7B1C4222BB8289700738CCC /* Hydrationtracker.app */;
			productType = "com.apple.product-type.application";
		};
/* End PBXNativeTarget section */

/* Begin PBXProject section */
		F7B1C41A2BB8289700738CCC /* Project object */ = {
			isa = PBXProject;
			attributes = {
				BuildIndependentTargetsInParallel = 1;
				LastSwiftUpdateCheck = 1520;
				LastUpgradeCheck = 1520;
				TargetAttributes = {
					F7B1C4212BB8289700738CCC = {
						CreatedOnToolsVersion = 15.2;
					};
				};
			};
			buildConfigurationList = F7B1C41D2BB8289700738CCC /* Build configuration list for PBXProject "Hydrationtracker" */;
			compatibilityVersion = "Xcode 14.0";
			developmentRegion = en;
			hasScannedForEncodings = 0;
			knownRegions = (
				en,
				Base,
			);
			mainGroup = F7B1C4192BB8289700738CCC;
			productRefGroup = F7B1C4232BB8289700738CCC /* Products */;
			projectDirPath = "";
			projectRoot = "";
			targets = (
				F7B1C4212BB8289700738CCC /* Hydrationtracker */,
			);
		};
/* End PBXProject section */

/* Begin PBXResourcesBuildPhase section */
		F7B1C4202BB8289700738CCC /* Resources */ = {
			isa = PBXResourcesBuildPhase;
			buildActionMask = 2147483647;
			files = (
				F7B1C4352BB8289900738CCC /* LaunchScreen.storyboard in Resources */,
				F7B1C4322BB8289900738CCC /* Assets.xcassets in Resources */,
				F7B1C42D2BB8289700738CCC /* Main.storyboard in Resources */,
			);
			runOnlyForDeploymentPostprocessing = 0;
		};
/* End PBXResourcesBuildPhase section */

/* Begin PBXSourcesBuildPhase section */
		F7B1C41E2BB8289700738CCC /* Sources */ = {
			isa = PBXSourcesBuildPhase;
			buildActionMask = 2147483647;
			files = (
				F7B1C43F2BB8290E00738CCC /* SettingController.swift in Sources */,
				F7B1C42A2BB8289700738CCC /* ViewController.swift in Sources */,
				F7B1C4262BB8289700738CCC /* AppDelegate.swift in Sources */,
				F7B1C4282BB8289700738CCC /* SceneDelegate.swift in Sources */,
				F7B1C4302BB8289700738CCC /* Hydrationtracker.xcdatamodeld in Sources */,
				F7B1C43D2BB828FE00738CCC /* CalenderController.swift in Sources */,
			);
			runOnlyForDeploymentPostprocessing = 0;
		};
/* End PBXSourcesBuildPhase section */

/* Begin PBXVariantGroup section */
		F7B1C42B2BB8289700738CCC /* Main.storyboard */ = {
			isa = PBXVariantGroup;
			children = (
				F7B1C42C2BB8289700738CCC /* Base */,
			);
			name = Main.storyboard;
			sourceTree = "<group>";
		};
		F7B1C4332BB8289900738CCC /* LaunchScreen.storyboard */ = {
			isa = PBXVariantGroup;
			children = (
				F7B1C4342BB8289900738CCC /* Base */,
			);
			name = LaunchScreen.storyboard;
			sourceTree = "<group>";
		};
/* End PBXVariantGroup section */

/* Begin XCBuildConfiguration section */
		F7B1C4372BB8289900738CCC /* Debug */ = {
			isa = XCBuildConfiguration;
			buildSettings = {
				ALWAYS_SEARCH_USER_PATHS = NO;
				ASSETCATALOG_COMPILER_GENERATE_SWIFT_ASSET_SYMBOL_EXTENSIONS = YES;
				CLANG_ANALYZER_NONNULL = YES;
				CLANG_ANALYZER_NUMBER_OBJECT_CONVERSION = YES_AGGRESSIVE;
				CLANG_CXX_LANGUAGE_STANDARD = "gnu++20";
				CLANG_ENABLE_MODULES = YES;
				CLANG_ENABLE_OBJC_ARC = YES;
				CLANG_ENABLE_OBJC_WEAK = YES;
				CLANG_WARN_BLOCK_CAPTURE_AUTORELEASING = YES;
				CLANG_WARN_BOOL_CONVERSION = YES;
				CLANG_WARN_COMMA = YES;
				CLANG_WARN_CONSTANT_CONVERSION = YES;
				CLANG_WARN_DEPRECATED_OBJC_IMPLEMENTATIONS = YES;
				CLANG_WARN_DIRECT_OBJC_ISA_USAGE = YES_ERROR;
				CLANG_WARN_DOCUMENTATION_COMMENTS = YES;
				CLANG_WARN_EMPTY_BODY = YES;
				CLANG_WARN_ENUM_CONVERSION = YES;
				CLANG_WARN_INFINITE_RECURSION = YES;
				CLANG_WARN_INT_CONVERSION = YES;
				CLANG_WARN_NON_LITERAL_NULL_CONVERSION = YES;
				CLANG_WARN_OBJC_IMPLICIT_RETAIN_SELF = YES;
				CLANG_WARN_OBJC_LITERAL_CONVERSION = YES;
				CLANG_WARN_OBJC_ROOT_CLASS = YES_ERROR;
				CLANG_WARN_QUOTED_INCLUDE_IN_FRAMEWORK_HEADER = YES;
				CLANG_WARN_RANGE_LOOP_ANALYSIS = YES;
				CLANG_WARN_STRICT_PROTOTYPES = YES;
				CLANG_WARN_SUSPICIOUS_MOVE = YES;
				CLANG_WARN_UNGUARDED_AVAILABILITY = YES_AGGRESSIVE;
				CLANG_WARN_UNREACHABLE_CODE = YES;
				CLANG_WARN__DUPLICATE_METHOD_MATCH = YES;
				COPY_PHASE_STRIP = NO;
				DEBUG_INFORMATION_FORMAT = dwarf;
				ENABLE_STRICT_OBJC_MSGSEND = YES;
				ENABLE_TESTABILITY = YES;
				ENABLE_USER_SCRIPT_SANDBOXING = YES;
				GCC_C_LANGUAGE_STANDARD = gnu17;
				GCC_DYNAMIC_NO_PIC = NO;
				GCC_NO_COMMON_BLOCKS = YES;
				GCC_OPTIMIZATION_LEVEL = 0;
				GCC_PREPROCESSOR_DEFINITIONS = (
					"DEBUG=1",
					"$(inherited)",
				);
				GCC_WARN_64_TO_32_BIT_CONVERSION = YES;
				GCC_WARN_ABOUT_RETURN_TYPE = YES_ERROR;
				GCC_WARN_UNDECLARED_SELECTOR = YES;
				GCC_WARN_UNINITIALIZED_AUTOS = YES_AGGRESSIVE;
				GCC_WARN_UNUSED_FUNCTION = YES;
				GCC_WARN_UNUSED_VARIABLE = YES;
				IPHONEOS_DEPLOYMENT_TARGET = 17.2;
				LOCALIZATION_PREFERS_STRING_CATALOGS = YES;
				MTL_ENABLE_DEBUG_INFO = INCLUDE_SOURCE;
				MTL_FAST_MATH = YES;
				ONLY_ACTIVE_ARCH = YES;
				SDKROOT = iphoneos;
				SWIFT_ACTIVE_COMPILATION_CONDITIONS = "DEBUG $(inherited)";
				SWIFT_OPTIMIZATION_LEVEL = "-Onone";
			};
			name = Debug;
		};
		F7B1C4382BB8289900738CCC /* Release */ = {
			isa = XCBuildConfiguration;
			buildSettings = {
				ALWAYS_SEARCH_USER_PATHS = NO;
				ASSETCATALOG_COMPILER_GENERATE_SWIFT_ASSET_SYMBOL_EXTENSIONS = YES;
				CLANG_ANALYZER_NONNULL = YES;
				CLANG_ANALYZER_NUMBER_OBJECT_CONVERSION = YES_AGGRESSIVE;
				CLANG_CXX_LANGUAGE_STANDARD = "gnu++20";
				CLANG_ENABLE_MODULES = YES;
				CLANG_ENABLE_OBJC_ARC = YES;
				CLANG_ENABLE_OBJC_WEAK = YES;
				CLANG_WARN_BLOCK_CAPTURE_AUTORELEASING = YES;
				CLANG_WARN_BOOL_CONVERSION = YES;
				CLANG_WARN_COMMA = YES;
				CLANG_WARN_CONSTANT_CONVERSION = YES;
				CLANG_WARN_DEPRECATED_OBJC_IMPLEMENTATIONS = YES;
				CLANG_WARN_DIRECT_OBJC_ISA_USAGE = YES_ERROR;
				CLANG_WARN_DOCUMENTATION_COMMENTS = YES;
				CLANG_WARN_EMPTY_BODY = YES;
				CLANG_WARN_ENUM_CONVERSION = YES;
				CLANG_WARN_INFINITE_RECURSION = YES;
				CLANG_WARN_INT_CONVERSION = YES;
				CLANG_WARN_NON_LITERAL_NULL_CONVERSION = YES;
				CLANG_WARN_OBJC_IMPLICIT_RETAIN_SELF = YES;
				CLANG_WARN_OBJC_LITERAL_CONVERSION = YES;
				CLANG_WARN_OBJC_ROOT_CLASS = YES_ERROR;
				CLANG_WARN_QUOTED_INCLUDE_IN_FRAMEWORK_HEADER = YES;
				CLANG_WARN_RANGE_LOOP_ANALYSIS = YES;
				CLANG_WARN_STRICT_PROTOTYPES = YES;
				CLANG_WARN_SUSPICIOUS_MOVE = YES;
				CLANG_WARN_UNGUARDED_AVAILABILITY = YES_AGGRESSIVE;
				CLANG_WARN_UNREACHABLE_CODE = YES;
				CLANG_WARN__DUPLICATE_METHOD_MATCH = YES;
				COPY_PHASE_STRIP = NO;
				DEBUG_INFORMATION_FORMAT = "dwarf-with-dsym";
				ENABLE_NS_ASSERTIONS = NO;
				ENABLE_STRICT_OBJC_MSGSEND = YES;
				ENABLE_USER_SCRIPT_SANDBOXING = YES;
				GCC_C_LANGUAGE_STANDARD = gnu17;
				GCC_NO_COMMON_BLOCKS = YES;
				GCC_WARN_64_TO_32_BIT_CONVERSION = YES;
				GCC_WARN_ABOUT_RETURN_TYPE = YES_ERROR;
				GCC_WARN_UNDECLARED_SELECTOR = YES;
				GCC_WARN_UNINITIALIZED_AUTOS = YES_AGGRESSIVE;
				GCC_WARN_UNUSED_FUNCTION = YES;
				GCC_WARN_UNUSED_VARIABLE = YES;
				IPHONEOS_DEPLOYMENT_TARGET = 17.2;
				LOCALIZATION_PREFERS_STRING_CATALOGS = YES;
				MTL_ENABLE_DEBUG_INFO = NO;
				MTL_FAST_MATH = YES;
				SDKROOT = iphoneos;
				SWIFT_COMPILATION_MODE = wholemodule;
				VALIDATE_PRODUCT = YES;
			};
			name = Release;
		};
		F7B1C43A2BB8289900738CCC /* Debug */ = {
			isa = XCBuildConfiguration;
			buildSettings = {
				ASSETCATALOG_COMPILER_APPICON_NAME = AppIcon;
				ASSETCATALOG_COMPILER_GLOBAL_ACCENT_COLOR_NAME = AccentColor;
				CODE_SIGN_IDENTITY = "Apple Development";
				CODE_SIGN_STYLE = Automatic;
				CURRENT_PROJECT_VERSION = 1;
				DEVELOPMENT_TEAM = 4LUYPLBQQ8;
				GENERATE_INFOPLIST_FILE = YES;
				INFOPLIST_FILE = Hydrationtracker/Info.plist;
				INFOPLIST_KEY_UIApplicationSupportsIndirectInputEvents = YES;
				INFOPLIST_KEY_UILaunchStoryboardName = LaunchScreen;
				INFOPLIST_KEY_UIMainStoryboardFile = Main;
				INFOPLIST_KEY_UISupportedInterfaceOrientations_iPad = "UIInterfaceOrientationPortrait UIInterfaceOrientationPortraitUpsideDown UIInterfaceOrientationLandscapeLeft UIInterfaceOrientationLandscapeRight";
				INFOPLIST_KEY_UISupportedInterfaceOrientations_iPhone = "UIInterfaceOrientationPortrait UIInterfaceOrientationLandscapeLeft UIInterfaceOrientationLandscapeRight";
				LD_RUNPATH_SEARCH_PATHS = (
					"$(inherited)",
					"@executable_path/Frameworks",
				);
				MARKETING_VERSION = 1.0;
				PRODUCT_BUNDLE_IDENTIFIER = com.project.Hydrationtracker;
				PRODUCT_NAME = "$(TARGET_NAME)";
				PROVISIONING_PROFILE_SPECIFIER = "";
				SWIFT_EMIT_LOC_STRINGS = YES;
				SWIFT_VERSION = 5.0;
				TARGETED_DEVICE_FAMILY = "1,2";
			};
			name = Debug;
		};
		F7B1C43B2BB8289900738CCC /* Release */ = {
			isa = XCBuildConfiguration;
			buildSettings = {
				ASSETCATALOG_COMPILER_APPICON_NAME = AppIcon;
				ASSETCATALOG_COMPILER_GLOBAL_ACCENT_COLOR_NAME = AccentColor;
				CODE_SIGN_IDENTITY = "Apple Development";
				CODE_SIGN_STYLE = Automatic;
				CURRENT_PROJECT_VERSION = 1;
				DEVELOPMENT_TEAM = 4LUYPLBQQ8;
				GENERATE_INFOPLIST_FILE = YES;
				INFOPLIST_FILE = Hydrationtracker/Info.plist;
				INFOPLIST_KEY_UIApplicationSupportsIndirectInputEvents = YES;
				INFOPLIST_KEY_UILaunchStoryboardName = LaunchScreen;
				INFOPLIST_KEY_UIMainStoryboardFile = Main;
				INFOPLIST_KEY_UISupportedInterfaceOrientations_iPad = "UIInterfaceOrientationPortrait UIInterfaceOrientationPortraitUpsideDown UIInterfaceOrientationLandscapeLeft UIInterfaceOrientationLandscapeRight";
				INFOPLIST_KEY_UISupportedInterfaceOrientations_iPhone = "UIInterfaceOrientationPortrait UIInterfaceOrientationLandscapeLeft UIInterfaceOrientationLandscapeRight";
				LD_RUNPATH_SEARCH_PATHS = (
					"$(inherited)",
					"@executable_path/Frameworks",
				);
				MARKETING_VERSION = 1.0;
				PRODUCT_BUNDLE_IDENTIFIER = com.project.Hydrationtracker;
				PRODUCT_NAME = "$(TARGET_NAME)";
				PROVISIONING_PROFILE_SPECIFIER = "";
				SWIFT_EMIT_LOC_STRINGS = YES;
				SWIFT_VERSION = 5.0;
				TARGETED_DEVICE_FAMILY = "1,2";
			};
			name = Release;
		};
/* End XCBuildConfiguration section */

/* Begin XCConfigurationList section */
		F7B1C41D2BB8289700738CCC /* Build configuration list for PBXProject "Hydrationtracker" */ = {
			isa = XCConfigurationList;
			buildConfigurations = (
				F7B1C4372BB8289900738CCC /* Debug */,
				F7B1C4382BB8289900738CCC /* Release */,
			);
			defaultConfigurationIsVisible = 0;
			defaultConfigurationName = Release;
		};
		F7B1C4392BB8289900738CCC /* Build configuration list for PBXNativeTarget "Hydrationtracker" */ = {
			isa = XCConfigurationList;
			buildConfigurations = (
				F7B1C43A2BB8289900738CCC /* Debug */,
				F7B1C43B2BB8289900738CCC /* Release */,
			);
			defaultConfigurationIsVisible = 0;
			defaultConfigurationName = Release;
		};
/* End XCConfigurationList section */

/* Begin XCVersionGroup section */
		F7B1C42E2BB8289700738CCC /* Hydrationtracker.xcdatamodeld */ = {
			isa = XCVersionGroup;
			children = (
				F7B1C42F2BB8289700738CCC /* Hydrationtracker.xcdatamodel */,
			);
			currentVersion = F7B1C42F2BB8289700738CCC /* Hydrationtracker.xcdatamodel */;
			path = Hydrationtracker.xcdatamodeld;
			sourceTree = "<group>";
			versionGroupType = wrapper.xcdatamodel;
		};
/* End XCVersionGroup section */
	};
	rootObject = F7B1C41A2BB8289700738CCC /* Project object */;
}
